// !$*UTF8*$!
{
	archiveVersion = 1;
	classes = {
	};
	objectVersion = 50;
	objects = {

/* Begin PBXBuildFile section */
		BE717AF723EE09B0006E21DE /* AppDelegate.swift in Sources */ = {isa = PBXBuildFile; fileRef = BE717AF623EE09B0006E21DE /* AppDelegate.swift */; };
		BE717AF923EE09B0006E21DE /* ViewController.swift in Sources */ = {isa = PBXBuildFile; fileRef = BE717AF823EE09B0006E21DE /* ViewController.swift */; };
		BE717AFC23EE09B0006E21DE /* WikipediaInfo.xcdatamodeld in Sources */ = {isa = PBXBuildFile; fileRef = BE717AFA23EE09B0006E21DE /* WikipediaInfo.xcdatamodeld */; };
		BE717AFE23EE09B4006E21DE /* Assets.xcassets in Resources */ = {isa = PBXBuildFile; fileRef = BE717AFD23EE09B4006E21DE /* Assets.xcassets */; };
		BE717B0123EE09B4006E21DE /* Main.storyboard in Resources */ = {isa = PBXBuildFile; fileRef = BE717AFF23EE09B4006E21DE /* Main.storyboard */; };
/* End PBXBuildFile section */

/* Begin PBXFileReference section */
		BE717AF323EE09B0006E21DE /* WikipediaInfo.app */ = {isa = PBXFileReference; explicitFileType = wrapper.application; includeInIndex = 0; path = WikipediaInfo.app; sourceTree = BUILT_PRODUCTS_DIR; };
		BE717AF623EE09B0006E21DE /* AppDelegate.swift */ = {isa = PBXFileReference; lastKnownFileType = sourcecode.swift; path = AppDelegate.swift; sourceTree = "<group>"; };
		BE717AF823EE09B0006E21DE /* ViewController.swift */ = {isa = PBXFileReference; lastKnownFileType = sourcecode.swift; path = ViewController.swift; sourceTree = "<group>"; };
		BE717AFB23EE09B0006E21DE /* WikipediaInfo.xcdatamodel */ = {isa = PBXFileReference; lastKnownFileType = wrapper.xcdatamodel; path = WikipediaInfo.xcdatamodel; sourceTree = "<group>"; };
		BE717AFD23EE09B4006E21DE /* Assets.xcassets */ = {isa = PBXFileReference; lastKnownFileType = folder.assetcatalog; path = Assets.xcassets; sourceTree = "<group>"; };
		BE717B0023EE09B4006E21DE /* Base */ = {isa = PBXFileReference; lastKnownFileType = file.storyboard; name = Base; path = Base.lproj/Main.storyboard; sourceTree = "<group>"; };
		BE717B0223EE09B4006E21DE /* Info.plist */ = {isa = PBXFileReference; lastKnownFileType = text.plist.xml; path = Info.plist; sourceTree = "<group>"; };
		BE717B0323EE09B4006E21DE /* WikipediaInfo.entitlements */ = {isa = PBXFileReference; lastKnownFileType = text.plist.entitlements; path = WikipediaInfo.entitlements; sourceTree = "<group>"; };
/* End PBXFileReference section */

/* Begin PBXFrameworksBuildPhase section */
		BE717AF023EE09B0006E21DE /* Frameworks */ = {
			isa = PBXFrameworksBuildPhase;
			buildActionMask = 2147483647;
			files = (
			);
			runOnlyForDeploymentPostprocessing = 0;
		};
/* End PBXFrameworksBuildPhase section */

/* Begin PBXGroup section */
		BE717AEA23EE09B0006E21DE = {
			isa = PBXGroup;
			children = (
				BE717AF523EE09B0006E21DE /* WikipediaInfo */,
				BE717AF423EE09B0006E21DE /* Products */,
			);
			sourceTree = "<group>";
		};
		BE717AF423EE09B0006E21DE /* Products */ = {
			isa = PBXGroup;
			children = (
				BE717AF323EE09B0006E21DE /* WikipediaInfo.app */,
			);
			name = Products;
			sourceTree = "<group>";
		};
		BE717AF523EE09B0006E21DE /* WikipediaInfo */ = {
			isa = PBXGroup;
			children = (
				BE717B0B23EE0A65006E21DE /* Controller */,
				BE717B0A23EE0A5A006E21DE /* View */,
				BE717B0923EE0A4D006E21DE /* Model */,
				BE717AF623EE09B0006E21DE /* AppDelegate.swift */,
				BE717AFD23EE09B4006E21DE /* Assets.xcassets */,
				BE717B0223EE09B4006E21DE /* Info.plist */,
				BE717B0323EE09B4006E21DE /* WikipediaInfo.entitlements */,
				BE717AFA23EE09B0006E21DE /* WikipediaInfo.xcdatamodeld */,
			);
			path = WikipediaInfo;
			sourceTree = "<group>";
		};
		BE717B0923EE0A4D006E21DE /* Model */ = {
			isa = PBXGroup;
			children = (
			);
			path = Model;
			sourceTree = "<group>";
		};
		BE717B0A23EE0A5A006E21DE /* View */ = {
			isa = PBXGroup;
			children = (
				BE717AFF23EE09B4006E21DE /* Main.storyboard */,
			);
			path = View;
			sourceTree = "<group>";
		};
		BE717B0B23EE0A65006E21DE /* Controller */ = {
			isa = PBXGroup;
			children = (
				BE717AF823EE09B0006E21DE /* ViewController.swift */,
			);
			path = Controller;
			sourceTree = "<group>";
		};
/* End PBXGroup section */

/* Begin PBXNativeTarget section */
		BE717AF223EE09B0006E21DE /* WikipediaInfo */ = {
			isa = PBXNativeTarget;
			buildConfigurationList = BE717B0623EE09B4006E21DE /* Build configuration list for PBXNativeTarget "WikipediaInfo" */;
			buildPhases = (
				BE717AEF23EE09B0006E21DE /* Sources */,
				BE717AF023EE09B0006E21DE /* Frameworks */,
				BE717AF123EE09B0006E21DE /* Resources */,
			);
			buildRules = (
			);
			dependencies = (
			);
			name = WikipediaInfo;
			productName = WikipediaInfo;
			productReference = BE717AF323EE09B0006E21DE /* WikipediaInfo.app */;
			productType = "com.apple.product-type.application";
		};
/* End PBXNativeTarget section */

/* Begin PBXProject section */
		BE717AEB23EE09B0006E21DE /* Project object */ = {
			isa = PBXProject;
			attributes = {
				LastSwiftUpdateCheck = 1130;
				LastUpgradeCheck = 1130;
				ORGANIZATIONNAME = "Manuel Carvalho";
				TargetAttributes = {
					BE717AF223EE09B0006E21DE = {
						CreatedOnToolsVersion = 11.3.1;
					};
				};
			};
			buildConfigurationList = BE717AEE23EE09B0006E21DE /* Build configuration list for PBXProject "WikipediaInfo" */;
			compatibilityVersion = "Xcode 9.3";
			developmentRegion = en;
			hasScannedForEncodings = 0;
			knownRegions = (
				en,
				Base,
			);
			mainGroup = BE717AEA23EE09B0006E21DE;
			productRefGroup = BE717AF423EE09B0006E21DE /* Products */;
			projectDirPath = "";
			projectRoot = "";
			targets = (
				BE717AF223EE09B0006E21DE /* WikipediaInfo */,
			);
		};
/* End PBXProject section */

/* Begin PBXResourcesBuildPhase section */
		BE717AF123EE09B0006E21DE /* Resources */ = {
			isa = PBXResourcesBuildPhase;
			buildActionMask = 2147483647;
			files = (
				BE717AFE23EE09B4006E21DE /* Assets.xcassets in Resources */,
				BE717B0123EE09B4006E21DE /* Main.storyboard in Resources */,
			);
			runOnlyForDeploymentPostprocessing = 0;
		};
/* End PBXResourcesBuildPhase section */

/* Begin PBXSourcesBuildPhase section */
		BE717AEF23EE09B0006E21DE /* Sources */ = {
			isa = PBXSourcesBuildPhase;
			buildActionMask = 2147483647;
			files = (
				BE717AF923EE09B0006E21DE /* ViewController.swift in Sources */,
				BE717AFC23EE09B0006E21DE /* WikipediaInfo.xcdatamodeld in Sources */,
				BE717AF723EE09B0006E21DE /* AppDelegate.swift in Sources */,
			);
			runOnlyForDeploymentPostprocessing = 0;
		};
/* End PBXSourcesBuildPhase section */

/* Begin PBXVariantGroup section */
		BE717AFF23EE09B4006E21DE /* Main.storyboard */ = {
			isa = PBXVariantGroup;
			children = (
				BE717B0023EE09B4006E21DE /* Base */,
			);
			name = Main.storyboard;
			sourceTree = "<group>";
		};
/* End PBXVariantGroup section */

/* Begin XCBuildConfiguration section */
		BE717B0423EE09B4006E21DE /* Debug */ = {
			isa = XCBuildConfiguration;
			buildSettings = {
				ALWAYS_SEARCH_USER_PATHS = NO;
				CLANG_ANALYZER_NONNULL = YES;
				CLANG_ANALYZER_NUMBER_OBJECT_CONVERSION = YES_AGGRESSIVE;
				CLANG_CXX_LANGUAGE_STANDARD = "gnu++14";
				CLANG_CXX_LIBRARY = "libc++";
				CLANG_ENABLE_MODULES = YES;
				CLANG_ENABLE_OBJC_ARC = YES;
				CLANG_ENABLE_OBJC_WEAK = YES;
				CLANG_WARN_BLOCK_CAPTURE_AUTORELEASING = YES;
				CLANG_WARN_BOOL_CONVERSION = YES;
				CLANG_WARN_COMMA = YES;
				CLANG_WARN_CONSTANT_CONVERSION = YES;
				CLANG_WARN_DEPRECATED_OBJC_IMPLEMENTATIONS = YES;
				CLANG_WARN_DIRECT_OBJC_ISA_USAGE = YES_ERROR;
				CLANG_WARN_DOCUMENTATION_COMMENTS = YES;
				CLANG_WARN_EMPTY_BODY = YES;
				CLANG_WARN_ENUM_CONVERSION = YES;
				CLANG_WARN_INFINITE_RECURSION = YES;
				CLANG_WARN_INT_CONVERSION = YES;
				CLANG_WARN_NON_LITERAL_NULL_CONVERSION = YES;
				CLANG_WARN_OBJC_IMPLICIT_RETAIN_SELF = YES;
				CLANG_WARN_OBJC_LITERAL_CONVERSION = YES;
				CLANG_WARN_OBJC_ROOT_CLASS = YES_ERROR;
				CLANG_WARN_RANGE_LOOP_ANALYSIS = YES;
				CLANG_WARN_STRICT_PROTOTYPES = YES;
				CLANG_WARN_SUSPICIOUS_MOVE = YES;
				CLANG_WARN_UNGUARDED_AVAILABILITY = YES_AGGRESSIVE;
				CLANG_WARN_UNREACHABLE_CODE = YES;
				CLANG_WARN__DUPLICATE_METHOD_MATCH = YES;
				COPY_PHASE_STRIP = NO;
				DEBUG_INFORMATION_FORMAT = dwarf;
				ENABLE_STRICT_OBJC_MSGSEND = YES;
				ENABLE_TESTABILITY = YES;
				GCC_C_LANGUAGE_STANDARD = gnu11;
				GCC_DYNAMIC_NO_PIC = NO;
				GCC_NO_COMMON_BLOCKS = YES;
				GCC_OPTIMIZATION_LEVEL = 0;
				GCC_PREPROCESSOR_DEFINITIONS = (
					"DEBUG=1",
					"$(inherited)",
				);
				GCC_WARN_64_TO_32_BIT_CONVERSION = YES;
				GCC_WARN_ABOUT_RETURN_TYPE = YES_ERROR;
				GCC_WARN_UNDECLARED_SELECTOR = YES;
				GCC_WARN_UNINITIALIZED_AUTOS = YES_AGGRESSIVE;
				GCC_WARN_UNUSED_FUNCTION = YES;
				GCC_WARN_UNUSED_VARIABLE = YES;
				MACOSX_DEPLOYMENT_TARGET = 10.15;
				MTL_ENABLE_DEBUG_INFO = INCLUDE_SOURCE;
				MTL_FAST_MATH = YES;
				ONLY_ACTIVE_ARCH = YES;
				SDKROOT = macosx;
				SWIFT_ACTIVE_COMPILATION_CONDITIONS = DEBUG;
				SWIFT_OPTIMIZATION_LEVEL = "-Onone";
			};
			name = Debug;
		};
		BE717B0523EE09B4006E21DE /* Release */ = {
			isa = XCBuildConfiguration;
			buildSettings = {
				ALWAYS_SEARCH_USER_PATHS = NO;
				CLANG_ANALYZER_NONNULL = YES;
				CLANG_ANALYZER_NUMBER_OBJECT_CONVERSION = YES_AGGRESSIVE;
				CLANG_CXX_LANGUAGE_STANDARD = "gnu++14";
				CLANG_CXX_LIBRARY = "libc++";
				CLANG_ENABLE_MODULES = YES;
				CLANG_ENABLE_OBJC_ARC = YES;
				CLANG_ENABLE_OBJC_WEAK = YES;
				CLANG_WARN_BLOCK_CAPTURE_AUTORELEASING = YES;
				CLANG_WARN_BOOL_CONVERSION = YES;
				CLANG_WARN_COMMA = YES;
				CLANG_WARN_CONSTANT_CONVERSION = YES;
				CLANG_WARN_DEPRECATED_OBJC_IMPLEMENTATIONS = YES;
				CLANG_WARN_DIRECT_OBJC_ISA_USAGE = YES_ERROR;
				CLANG_WARN_DOCUMENTATION_COMMENTS = YES;
				CLANG_WARN_EMPTY_BODY = YES;
				CLANG_WARN_ENUM_CONVERSION = YES;
				CLANG_WARN_INFINITE_RECURSION = YES;
				CLANG_WARN_INT_CONVERSION = YES;
				CLANG_WARN_NON_LITERAL_NULL_CONVERSION = YES;
				CLANG_WARN_OBJC_IMPLICIT_RETAIN_SELF = YES;
				CLANG_WARN_OBJC_LITERAL_CONVERSION = YES;
				CLANG_WARN_OBJC_ROOT_CLASS = YES_ERROR;
				CLANG_WARN_RANGE_LOOP_ANALYSIS = YES;
				CLANG_WARN_STRICT_PROTOTYPES = YES;
				CLANG_WARN_SUSPICIOUS_MOVE = YES;
				CLANG_WARN_UNGUARDED_AVAILABILITY = YES_AGGRESSIVE;
				CLANG_WARN_UNREACHABLE_CODE = YES;
				CLANG_WARN__DUPLICATE_METHOD_MATCH = YES;
				COPY_PHASE_STRIP = NO;
				DEBUG_INFORMATION_FORMAT = "dwarf-with-dsym";
				ENABLE_NS_ASSERTIONS = NO;
				ENABLE_STRICT_OBJC_MSGSEND = YES;
				GCC_C_LANGUAGE_STANDARD = gnu11;
				GCC_NO_COMMON_BLOCKS = YES;
				GCC_WARN_64_TO_32_BIT_CONVERSION = YES;
				GCC_WARN_ABOUT_RETURN_TYPE = YES_ERROR;
				GCC_WARN_UNDECLARED_SELECTOR = YES;
				GCC_WARN_UNINITIALIZED_AUTOS = YES_AGGRESSIVE;
				GCC_WARN_UNUSED_FUNCTION = YES;
				GCC_WARN_UNUSED_VARIABLE = YES;
				MACOSX_DEPLOYMENT_TARGET = 10.15;
				MTL_ENABLE_DEBUG_INFO = NO;
				MTL_FAST_MATH = YES;
				SDKROOT = macosx;
				SWIFT_COMPILATION_MODE = wholemodule;
				SWIFT_OPTIMIZATION_LEVEL = "-O";
			};
			name = Release;
		};
		BE717B0723EE09B4006E21DE /* Debug */ = {
			isa = XCBuildConfiguration;
			buildSettings = {
				ASSETCATALOG_COMPILER_APPICON_NAME = AppIcon;
				CODE_SIGN_ENTITLEMENTS = WikipediaInfo/WikipediaInfo.entitlements;
				CODE_SIGN_STYLE = Automatic;
				COMBINE_HIDPI_IMAGES = YES;
				DEVELOPMENT_TEAM = UHTKY94VRM;
				ENABLE_HARDENED_RUNTIME = YES;
				INFOPLIST_FILE = WikipediaInfo/Info.plist;
				LD_RUNPATH_SEARCH_PATHS = (
					"$(inherited)",
					"@executable_path/../Frameworks",
				);
				PRODUCT_BUNDLE_IDENTIFIER = CasaAzul.WikipediaInfo;
				PRODUCT_NAME = "$(TARGET_NAME)";
				SWIFT_VERSION = 5.0;
			};
			name = Debug;
		};
		BE717B0823EE09B4006E21DE /* Release */ = {
			isa = XCBuildConfiguration;
			buildSettings = {
				ASSETCATALOG_COMPILER_APPICON_NAME = AppIcon;
				CODE_SIGN_ENTITLEMENTS = WikipediaInfo/WikipediaInfo.entitlements;
				CODE_SIGN_STYLE = Automatic;
				COMBINE_HIDPI_IMAGES = YES;
				DEVELOPMENT_TEAM = UHTKY94VRM;
				ENABLE_HARDENED_RUNTIME = YES;
				INFOPLIST_FILE = WikipediaInfo/Info.plist;
				LD_RUNPATH_SEARCH_PATHS = (
					"$(inherited)",
					"@executable_path/../Frameworks",
				);
				PRODUCT_BUNDLE_IDENTIFIER = CasaAzul.WikipediaInfo;
				PRODUCT_NAME = "$(TARGET_NAME)";
				SWIFT_VERSION = 5.0;
			};
			name = Release;
		};
/* End XCBuildConfiguration section */

/* Begin XCConfigurationList section */
		BE717AEE23EE09B0006E21DE /* Build configuration list for PBXProject "WikipediaInfo" */ = {
			isa = XCConfigurationList;
			buildConfigurations = (
				BE717B0423EE09B4006E21DE /* Debug */,
				BE717B0523EE09B4006E21DE /* Release */,
			);
			defaultConfigurationIsVisible = 0;
			defaultConfigurationName = Release;
		};
		BE717B0623EE09B4006E21DE /* Build configuration list for PBXNativeTarget "WikipediaInfo" */ = {
			isa = XCConfigurationList;
			buildConfigurations = (
				BE717B0723EE09B4006E21DE /* Debug */,
				BE717B0823EE09B4006E21DE /* Release */,
			);
			defaultConfigurationIsVisible = 0;
			defaultConfigurationName = Release;
		};
/* End XCConfigurationList section */

/* Begin XCVersionGroup section */
		BE717AFA23EE09B0006E21DE /* WikipediaInfo.xcdatamodeld */ = {
			isa = XCVersionGroup;
			children = (
				BE717AFB23EE09B0006E21DE /* WikipediaInfo.xcdatamodel */,
			);
			currentVersion = BE717AFB23EE09B0006E21DE /* WikipediaInfo.xcdatamodel */;
			path = WikipediaInfo.xcdatamodeld;
			sourceTree = "<group>";
			versionGroupType = wrapper.xcdatamodel;
		};
/* End XCVersionGroup section */
	};
	rootObject = BE717AEB23EE09B0006E21DE /* Project object */;
}
